
Microsoft Visual Studio Solution File, Format Version 12.00
# Visual Studio Version 16
VisualStudioVersion = 16.0.28803.156
MinimumVisualStudioVersion = 10.0.40219.1
Project("{FAE04EC0-301F-11D3-BF4B-00C04F79EFBC}") = "TaxiManagement", "TaxiManagement\TaxiManagement.csproj", "{C858978F-9083-43AA-9F7F-005EA19BFF2B}"
EndProject
Project("{FAE04EC0-301F-11D3-BF4B-00C04F79EFBC}") = "TaxiManagementTests", "TaxiManagementTests\TaxiManagementTests.csproj", "{BD756089-08D6-4D23-9EA0-0BF1E841C36B}"
EndProject
Global
	GlobalSection(SolutionConfigurationPlatforms) = preSolution
		Debug|Any CPU = Debug|Any CPU
		Release|Any CPU = Release|Any CPU
	EndGlobalSection
	GlobalSection(ProjectConfigurationPlatforms) = postSolution
		{C858978F-9083-43AA-9F7F-005EA19BFF2B}.Debug|Any CPU.ActiveCfg = Debug|Any CPU
		{C858978F-9083-43AA-9F7F-005EA19BFF2B}.Debug|Any CPU.Build.0 = Debug|Any CPU
		{C858978F-9083-43AA-9F7F-005EA19BFF2B}.Release|Any CPU.ActiveCfg = Release|Any CPU
		{C858978F-9083-43AA-9F7F-005EA19BFF2B}.Release|Any CPU.Build.0 = Release|Any CPU
		{BD756089-08D6-4D23-9EA0-0BF1E841C36B}.Debug|Any CPU.ActiveCfg = Debug|Any CPU
		{BD756089-08D6-4D23-9EA0-0BF1E841C36B}.Debug|Any CPU.Build.0 = Debug|Any CPU
		{BD756089-08D6-4D23-9EA0-0BF1E841C36B}.Release|Any CPU.ActiveCfg = Release|Any CPU
		{BD756089-08D6-4D23-9EA0-0BF1E841C36B}.Release|Any CPU.Build.0 = Release|Any CPU
	EndGlobalSection
	GlobalSection(SolutionProperties) = preSolution
		HideSolutionNode = FALSE
	EndGlobalSection
	GlobalSection(ExtensibilityGlobals) = postSolution
		SolutionGuid = {1EC75B2A-BA19-470F-B0EE-337BA979C1A8}
	EndGlobalSection
EndGlobal
